
Microsoft Visual Studio Solution File, Format Version 12.00
# Visual Studio 14
VisualStudioVersion = 14.0.25420.1
MinimumVisualStudioVersion = 10.0.40219.1
Project("{FAE04EC0-301F-11D3-BF4B-00C04F79EFBC}") = "kursovoi_proekt_net_framework", "kursovoi_proekt_net_framework\kursovoi_proekt_net_framework.csproj", "{0DAF5BE4-F790-4A30-AD2C-96E3B36EAF70}"
EndProject
Project("{FAE04EC0-301F-11D3-BF4B-00C04F79EFBC}") = "DataObject", "DataObject\DataObject.csproj", "{140B8991-2F06-4CAE-8463-1225D0E8C7CD}"
EndProject
Global
	GlobalSection(SolutionConfigurationPlatforms) = preSolution
		Debug|Any CPU = Debug|Any CPU
		Release|Any CPU = Release|Any CPU
	EndGlobalSection
	GlobalSection(ProjectConfigurationPlatforms) = postSolution
		{0DAF5BE4-F790-4A30-AD2C-96E3B36EAF70}.Debug|Any CPU.ActiveCfg = Debug|Any CPU
		{0DAF5BE4-F790-4A30-AD2C-96E3B36EAF70}.Debug|Any CPU.Build.0 = Debug|Any CPU
		{0DAF5BE4-F790-4A30-AD2C-96E3B36EAF70}.Release|Any CPU.ActiveCfg = Release|Any CPU
		{0DAF5BE4-F790-4A30-AD2C-96E3B36EAF70}.Release|Any CPU.Build.0 = Release|Any CPU
		{140B8991-2F06-4CAE-8463-1225D0E8C7CD}.Debug|Any CPU.ActiveCfg = Debug|Any CPU
		{140B8991-2F06-4CAE-8463-1225D0E8C7CD}.Debug|Any CPU.Build.0 = Debug|Any CPU
		{140B8991-2F06-4CAE-8463-1225D0E8C7CD}.Release|Any CPU.ActiveCfg = Release|Any CPU
		{140B8991-2F06-4CAE-8463-1225D0E8C7CD}.Release|Any CPU.Build.0 = Release|Any CPU
	EndGlobalSection
	GlobalSection(SolutionProperties) = preSolution
		HideSolutionNode = FALSE
	EndGlobalSection
EndGlobal
